// !$*UTF8*$!
{
	archiveVersion = 1;
	classes = {
	};
	objectVersion = 46;
	objects = {

/* Begin PBXBuildFile section */
		1F216B4A1F947DF500A359B1 /* CoreLocation.framework in Frameworks */ = {isa = PBXBuildFile; fileRef = 1F216B491F947DF400A359B1 /* CoreLocation.framework */; };
		1F38D9CC1F8FCDA300B16FD9 /* WebViewController.swift in Sources */ = {isa = PBXBuildFile; fileRef = 1F38D9CB1F8FCDA300B16FD9 /* WebViewController.swift */; };
		1F4575641F9A125200507545 /* Localizable.strings in Resources */ = {isa = PBXBuildFile; fileRef = 1F4575661F9A125200507545 /* Localizable.strings */; };
		1FA6E9211F89E25F005177B5 /* MapKit.framework in Frameworks */ = {isa = PBXBuildFile; fileRef = 1FA6E91F1F89E18D005177B5 /* MapKit.framework */; };
		1FA6E9231F8A4EC7005177B5 /* MapViewController.swift in Sources */ = {isa = PBXBuildFile; fileRef = 1FA6E9221F8A4EC7005177B5 /* MapViewController.swift */; };
		1FB9F7931F87297100556550 /* AppDelegate.swift in Sources */ = {isa = PBXBuildFile; fileRef = 1FB9F7921F87297100556550 /* AppDelegate.swift */; };
		1FB9F7981F87297100556550 /* Main.storyboard in Resources */ = {isa = PBXBuildFile; fileRef = 1FB9F7961F87297100556550 /* Main.storyboard */; };
		1FB9F79A1F87297100556550 /* Assets.xcassets in Resources */ = {isa = PBXBuildFile; fileRef = 1FB9F7991F87297100556550 /* Assets.xcassets */; };
		1FB9F79D1F87297100556550 /* LaunchScreen.storyboard in Resources */ = {isa = PBXBuildFile; fileRef = 1FB9F79B1F87297100556550 /* LaunchScreen.storyboard */; };
		1FB9F7A81F87297100556550 /* WorldTrotterTests.swift in Sources */ = {isa = PBXBuildFile; fileRef = 1FB9F7A71F87297100556550 /* WorldTrotterTests.swift */; };
		1FB9F7B31F87297100556550 /* WorldTrotterUITests.swift in Sources */ = {isa = PBXBuildFile; fileRef = 1FB9F7B21F87297100556550 /* WorldTrotterUITests.swift */; };
		1FB9F7C11F87898200556550 /* ConversionViewController.swift in Sources */ = {isa = PBXBuildFile; fileRef = 1FB9F7C01F87898200556550 /* ConversionViewController.swift */; };
/* End PBXBuildFile section */

/* Begin PBXContainerItemProxy section */
		1FB9F7A41F87297100556550 /* PBXContainerItemProxy */ = {
			isa = PBXContainerItemProxy;
			containerPortal = 1FB9F7871F87297100556550 /* Project object */;
			proxyType = 1;
			remoteGlobalIDString = 1FB9F78E1F87297100556550;
			remoteInfo = WorldTrotter;
		};
		1FB9F7AF1F87297100556550 /* PBXContainerItemProxy */ = {
			isa = PBXContainerItemProxy;
			containerPortal = 1FB9F7871F87297100556550 /* Project object */;
			proxyType = 1;
			remoteGlobalIDString = 1FB9F78E1F87297100556550;
			remoteInfo = WorldTrotter;
		};
/* End PBXContainerItemProxy section */

/* Begin PBXFileReference section */
		1F216B491F947DF400A359B1 /* CoreLocation.framework */ = {isa = PBXFileReference; lastKnownFileType = wrapper.framework; name = CoreLocation.framework; path = System/Library/Frameworks/CoreLocation.framework; sourceTree = SDKROOT; };
		1F38D9CB1F8FCDA300B16FD9 /* WebViewController.swift */ = {isa = PBXFileReference; fileEncoding = 4; lastKnownFileType = sourcecode.swift; path = WebViewController.swift; sourceTree = "<group>"; };
		1F45755E1F9A0A7400507545 /* ta */ = {isa = PBXFileReference; lastKnownFileType = text.plist.strings; name = ta; path = ta.lproj/Main.strings; sourceTree = "<group>"; };
		1F4575601F9A0C9700507545 /* hi */ = {isa = PBXFileReference; lastKnownFileType = text.plist.strings; name = hi; path = hi.lproj/Main.strings; sourceTree = "<group>"; };
		1F4575651F9A125200507545 /* Base */ = {isa = PBXFileReference; lastKnownFileType = text.plist.strings; name = Base; path = Base.lproj/Localizable.strings; sourceTree = "<group>"; };
		1F4575671F9A125700507545 /* es */ = {isa = PBXFileReference; lastKnownFileType = text.plist.strings; name = es; path = es.lproj/Localizable.strings; sourceTree = "<group>"; };
		1F4575681F9A125D00507545 /* ta */ = {isa = PBXFileReference; lastKnownFileType = text.plist.strings; name = ta; path = ta.lproj/Localizable.strings; sourceTree = "<group>"; };
		1F4575691F9A125F00507545 /* hi */ = {isa = PBXFileReference; lastKnownFileType = text.plist.strings; name = hi; path = hi.lproj/Localizable.strings; sourceTree = "<group>"; };
		1F45756B1F9A144900507545 /* ta-IN */ = {isa = PBXFileReference; lastKnownFileType = text.plist.strings; name = "ta-IN"; path = "ta-IN.lproj/Main.strings"; sourceTree = "<group>"; };
		1F45756C1F9A146900507545 /* ta-IN */ = {isa = PBXFileReference; lastKnownFileType = text.plist.strings; name = "ta-IN"; path = "ta-IN.lproj/Localizable.strings"; sourceTree = "<group>"; };
		1F98EF951F98C7C7006D0F92 /* en */ = {isa = PBXFileReference; lastKnownFileType = text.plist.strings; name = en; path = en.lproj/Main.strings; sourceTree = "<group>"; };
		1F98EF961F98C989006D0F92 /* es */ = {isa = PBXFileReference; lastKnownFileType = text.plist.strings; name = es; path = es.lproj/Main.strings; sourceTree = "<group>"; };
		1FA6E91F1F89E18D005177B5 /* MapKit.framework */ = {isa = PBXFileReference; lastKnownFileType = wrapper.framework; name = MapKit.framework; path = System/Library/Frameworks/MapKit.framework; sourceTree = SDKROOT; };
		1FA6E9221F8A4EC7005177B5 /* MapViewController.swift */ = {isa = PBXFileReference; fileEncoding = 4; lastKnownFileType = sourcecode.swift; path = MapViewController.swift; sourceTree = "<group>"; };
		1FB9F78F1F87297100556550 /* WorldTrotter.app */ = {isa = PBXFileReference; explicitFileType = wrapper.application; includeInIndex = 0; path = WorldTrotter.app; sourceTree = BUILT_PRODUCTS_DIR; };
		1FB9F7921F87297100556550 /* AppDelegate.swift */ = {isa = PBXFileReference; lastKnownFileType = sourcecode.swift; path = AppDelegate.swift; sourceTree = "<group>"; };
		1FB9F7971F87297100556550 /* Base */ = {isa = PBXFileReference; lastKnownFileType = file.storyboard; name = Base; path = Base.lproj/Main.storyboard; sourceTree = "<group>"; };
		1FB9F7991F87297100556550 /* Assets.xcassets */ = {isa = PBXFileReference; lastKnownFileType = folder.assetcatalog; path = Assets.xcassets; sourceTree = "<group>"; };
		1FB9F79C1F87297100556550 /* Base */ = {isa = PBXFileReference; lastKnownFileType = file.storyboard; name = Base; path = Base.lproj/LaunchScreen.storyboard; sourceTree = "<group>"; };
		1FB9F79E1F87297100556550 /* Info.plist */ = {isa = PBXFileReference; lastKnownFileType = text.plist.xml; path = Info.plist; sourceTree = "<group>"; };
		1FB9F7A31F87297100556550 /* WorldTrotterTests.xctest */ = {isa = PBXFileReference; explicitFileType = wrapper.cfbundle; includeInIndex = 0; path = WorldTrotterTests.xctest; sourceTree = BUILT_PRODUCTS_DIR; };
		1FB9F7A71F87297100556550 /* WorldTrotterTests.swift */ = {isa = PBXFileReference; lastKnownFileType = sourcecode.swift; path = WorldTrotterTests.swift; sourceTree = "<group>"; };
		1FB9F7A91F87297100556550 /* Info.plist */ = {isa = PBXFileReference; lastKnownFileType = text.plist.xml; path = Info.plist; sourceTree = "<group>"; };
		1FB9F7AE1F87297100556550 /* WorldTrotterUITests.xctest */ = {isa = PBXFileReference; explicitFileType = wrapper.cfbundle; includeInIndex = 0; path = WorldTrotterUITests.xctest; sourceTree = BUILT_PRODUCTS_DIR; };
		1FB9F7B21F87297100556550 /* WorldTrotterUITests.swift */ = {isa = PBXFileReference; lastKnownFileType = sourcecode.swift; path = WorldTrotterUITests.swift; sourceTree = "<group>"; };
		1FB9F7B41F87297100556550 /* Info.plist */ = {isa = PBXFileReference; lastKnownFileType = text.plist.xml; path = Info.plist; sourceTree = "<group>"; };
		1FB9F7C01F87898200556550 /* ConversionViewController.swift */ = {isa = PBXFileReference; fileEncoding = 4; lastKnownFileType = sourcecode.swift; path = ConversionViewController.swift; sourceTree = "<group>"; };
/* End PBXFileReference section */

/* Begin PBXFrameworksBuildPhase section */
		1FB9F78C1F87297100556550 /* Frameworks */ = {
			isa = PBXFrameworksBuildPhase;
			buildActionMask = 2147483647;
			files = (
				1F216B4A1F947DF500A359B1 /* CoreLocation.framework in Frameworks */,
				1FA6E9211F89E25F005177B5 /* MapKit.framework in Frameworks */,
			);
			runOnlyForDeploymentPostprocessing = 0;
		};
		1FB9F7A01F87297100556550 /* Frameworks */ = {
			isa = PBXFrameworksBuildPhase;
			buildActionMask = 2147483647;
			files = (
			);
			runOnlyForDeploymentPostprocessing = 0;
		};
		1FB9F7AB1F87297100556550 /* Frameworks */ = {
			isa = PBXFrameworksBuildPhase;
			buildActionMask = 2147483647;
			files = (
			);
			runOnlyForDeploymentPostprocessing = 0;
		};
/* End PBXFrameworksBuildPhase section */

/* Begin PBXGroup section */
		1FA6E91E1F89E18D005177B5 /* Frameworks */ = {
			isa = PBXGroup;
			children = (
				1F216B491F947DF400A359B1 /* CoreLocation.framework */,
				1FA6E91F1F89E18D005177B5 /* MapKit.framework */,
			);
			name = Frameworks;
			sourceTree = "<group>";
		};
		1FB9F7861F87297100556550 = {
			isa = PBXGroup;
			children = (
				1F4575661F9A125200507545 /* Localizable.strings */,
				1FB9F7911F87297100556550 /* WorldTrotter */,
				1FB9F7A61F87297100556550 /* WorldTrotterTests */,
				1FB9F7B11F87297100556550 /* WorldTrotterUITests */,
				1FB9F7901F87297100556550 /* Products */,
				1FA6E91E1F89E18D005177B5 /* Frameworks */,
			);
			sourceTree = "<group>";
		};
		1FB9F7901F87297100556550 /* Products */ = {
			isa = PBXGroup;
			children = (
				1FB9F78F1F87297100556550 /* WorldTrotter.app */,
				1FB9F7A31F87297100556550 /* WorldTrotterTests.xctest */,
				1FB9F7AE1F87297100556550 /* WorldTrotterUITests.xctest */,
			);
			name = Products;
			sourceTree = "<group>";
		};
		1FB9F7911F87297100556550 /* WorldTrotter */ = {
			isa = PBXGroup;
			children = (
				1FB9F7921F87297100556550 /* AppDelegate.swift */,
				1FB9F7C01F87898200556550 /* ConversionViewController.swift */,
				1FB9F7961F87297100556550 /* Main.storyboard */,
				1F38D9CB1F8FCDA300B16FD9 /* WebViewController.swift */,
				1FA6E9221F8A4EC7005177B5 /* MapViewController.swift */,
				1FB9F7991F87297100556550 /* Assets.xcassets */,
				1FB9F79B1F87297100556550 /* LaunchScreen.storyboard */,
				1FB9F79E1F87297100556550 /* Info.plist */,
			);
			path = WorldTrotter;
			sourceTree = "<group>";
		};
		1FB9F7A61F87297100556550 /* WorldTrotterTests */ = {
			isa = PBXGroup;
			children = (
				1FB9F7A71F87297100556550 /* WorldTrotterTests.swift */,
				1FB9F7A91F87297100556550 /* Info.plist */,
			);
			path = WorldTrotterTests;
			sourceTree = "<group>";
		};
		1FB9F7B11F87297100556550 /* WorldTrotterUITests */ = {
			isa = PBXGroup;
			children = (
				1FB9F7B21F87297100556550 /* WorldTrotterUITests.swift */,
				1FB9F7B41F87297100556550 /* Info.plist */,
			);
			path = WorldTrotterUITests;
			sourceTree = "<group>";
		};
/* End PBXGroup section */

/* Begin PBXNativeTarget section */
		1FB9F78E1F87297100556550 /* WorldTrotter */ = {
			isa = PBXNativeTarget;
			buildConfigurationList = 1FB9F7B71F87297100556550 /* Build configuration list for PBXNativeTarget "WorldTrotter" */;
			buildPhases = (
				1FB9F78B1F87297100556550 /* Sources */,
				1FB9F78C1F87297100556550 /* Frameworks */,
				1FB9F78D1F87297100556550 /* Resources */,
			);
			buildRules = (
			);
			dependencies = (
			);
			name = WorldTrotter;
			productName = WorldTrotter;
			productReference = 1FB9F78F1F87297100556550 /* WorldTrotter.app */;
			productType = "com.apple.product-type.application";
		};
		1FB9F7A21F87297100556550 /* WorldTrotterTests */ = {
			isa = PBXNativeTarget;
			buildConfigurationList = 1FB9F7BA1F87297100556550 /* Build configuration list for PBXNativeTarget "WorldTrotterTests" */;
			buildPhases = (
				1FB9F79F1F87297100556550 /* Sources */,
				1FB9F7A01F87297100556550 /* Frameworks */,
				1FB9F7A11F87297100556550 /* Resources */,
			);
			buildRules = (
			);
			dependencies = (
				1FB9F7A51F87297100556550 /* PBXTargetDependency */,
			);
			name = WorldTrotterTests;
			productName = WorldTrotterTests;
			productReference = 1FB9F7A31F87297100556550 /* WorldTrotterTests.xctest */;
			productType = "com.apple.product-type.bundle.unit-test";
		};
		1FB9F7AD1F87297100556550 /* WorldTrotterUITests */ = {
			isa = PBXNativeTarget;
			buildConfigurationList = 1FB9F7BD1F87297100556550 /* Build configuration list for PBXNativeTarget "WorldTrotterUITests" */;
			buildPhases = (
				1FB9F7AA1F87297100556550 /* Sources */,
				1FB9F7AB1F87297100556550 /* Frameworks */,
				1FB9F7AC1F87297100556550 /* Resources */,
			);
			buildRules = (
			);
			dependencies = (
				1FB9F7B01F87297100556550 /* PBXTargetDependency */,
			);
			name = WorldTrotterUITests;
			productName = WorldTrotterUITests;
			productReference = 1FB9F7AE1F87297100556550 /* WorldTrotterUITests.xctest */;
			productType = "com.apple.product-type.bundle.ui-testing";
		};
/* End PBXNativeTarget section */

/* Begin PBXProject section */
		1FB9F7871F87297100556550 /* Project object */ = {
			isa = PBXProject;
			attributes = {
				LastSwiftUpdateCheck = 0830;
				LastUpgradeCheck = 0830;
				ORGANIZATIONNAME = BNRGuide;
				TargetAttributes = {
					1FB9F78E1F87297100556550 = {
						CreatedOnToolsVersion = 8.3.3;
						DevelopmentTeam = CSVMBYGY89;
						ProvisioningStyle = Automatic;
					};
					1FB9F7A21F87297100556550 = {
						CreatedOnToolsVersion = 8.3.3;
						ProvisioningStyle = Automatic;
						TestTargetID = 1FB9F78E1F87297100556550;
					};
					1FB9F7AD1F87297100556550 = {
						CreatedOnToolsVersion = 8.3.3;
						ProvisioningStyle = Automatic;
						TestTargetID = 1FB9F78E1F87297100556550;
					};
				};
			};
			buildConfigurationList = 1FB9F78A1F87297100556550 /* Build configuration list for PBXProject "WorldTrotter" */;
			compatibilityVersion = "Xcode 3.2";
			developmentRegion = English;
			hasScannedForEncodings = 0;
			knownRegions = (
				en,
				Base,
				es,
				"ta-IN",
				ta,
				hi,
			);
			mainGroup = 1FB9F7861F87297100556550;
			productRefGroup = 1FB9F7901F87297100556550 /* Products */;
			projectDirPath = "";
			projectRoot = "";
			targets = (
				1FB9F78E1F87297100556550 /* WorldTrotter */,
				1FB9F7A21F87297100556550 /* WorldTrotterTests */,
				1FB9F7AD1F87297100556550 /* WorldTrotterUITests */,
			);
		};
/* End PBXProject section */

/* Begin PBXResourcesBuildPhase section */
		1FB9F78D1F87297100556550 /* Resources */ = {
			isa = PBXResourcesBuildPhase;
			buildActionMask = 2147483647;
			files = (
				1FB9F79D1F87297100556550 /* LaunchScreen.storyboard in Resources */,
				1F4575641F9A125200507545 /* Localizable.strings in Resources */,
				1FB9F79A1F87297100556550 /* Assets.xcassets in Resources */,
				1FB9F7981F87297100556550 /* Main.storyboard in Resources */,
			);
			runOnlyForDeploymentPostprocessing = 0;
		};
		1FB9F7A11F87297100556550 /* Resources */ = {
			isa = PBXResourcesBuildPhase;
			buildActionMask = 2147483647;
			files = (
			);
			runOnlyForDeploymentPostprocessing = 0;
		};
		1FB9F7AC1F87297100556550 /* Resources */ = {
			isa = PBXResourcesBuildPhase;
			buildActionMask = 2147483647;
			files = (
			);
			runOnlyForDeploymentPostprocessing = 0;
		};
/* End PBXResourcesBuildPhase section */

/* Begin PBXSourcesBuildPhase section */
		1FB9F78B1F87297100556550 /* Sources */ = {
			isa = PBXSourcesBuildPhase;
			buildActionMask = 2147483647;
			files = (
				1FB9F7C11F87898200556550 /* ConversionViewController.swift in Sources */,
				1FA6E9231F8A4EC7005177B5 /* MapViewController.swift in Sources */,
				1FB9F7931F87297100556550 /* AppDelegate.swift in Sources */,
				1F38D9CC1F8FCDA300B16FD9 /* WebViewController.swift in Sources */,
			);
			runOnlyForDeploymentPostprocessing = 0;
		};
		1FB9F79F1F87297100556550 /* Sources */ = {
			isa = PBXSourcesBuildPhase;
			buildActionMask = 2147483647;
			files = (
				1FB9F7A81F87297100556550 /* WorldTrotterTests.swift in Sources */,
			);
			runOnlyForDeploymentPostprocessing = 0;
		};
		1FB9F7AA1F87297100556550 /* Sources */ = {
			isa = PBXSourcesBuildPhase;
			buildActionMask = 2147483647;
			files = (
				1FB9F7B31F87297100556550 /* WorldTrotterUITests.swift in Sources */,
			);
			runOnlyForDeploymentPostprocessing = 0;
		};
/* End PBXSourcesBuildPhase section */

/* Begin PBXTargetDependency section */
		1FB9F7A51F87297100556550 /* PBXTargetDependency */ = {
			isa = PBXTargetDependency;
			target = 1FB9F78E1F87297100556550 /* WorldTrotter */;
			targetProxy = 1FB9F7A41F87297100556550 /* PBXContainerItemProxy */;
		};
		1FB9F7B01F87297100556550 /* PBXTargetDependency */ = {
			isa = PBXTargetDependency;
			target = 1FB9F78E1F87297100556550 /* WorldTrotter */;
			targetProxy = 1FB9F7AF1F87297100556550 /* PBXContainerItemProxy */;
		};
/* End PBXTargetDependency section */

/* Begin PBXVariantGroup section */
		1F4575661F9A125200507545 /* Localizable.strings */ = {
			isa = PBXVariantGroup;
			children = (
				1F4575651F9A125200507545 /* Base */,
				1F4575671F9A125700507545 /* es */,
				1F4575681F9A125D00507545 /* ta */,
				1F4575691F9A125F00507545 /* hi */,
				1F45756C1F9A146900507545 /* ta-IN */,
			);
			name = Localizable.strings;
			path = WorldTrotter;
			sourceTree = "<group>";
		};
		1FB9F7961F87297100556550 /* Main.storyboard */ = {
			isa = PBXVariantGroup;
			children = (
				1FB9F7971F87297100556550 /* Base */,
				1F98EF951F98C7C7006D0F92 /* en */,
				1F98EF961F98C989006D0F92 /* es */,
				1F45755E1F9A0A7400507545 /* ta */,
				1F4575601F9A0C9700507545 /* hi */,
				1F45756B1F9A144900507545 /* ta-IN */,
			);
			name = Main.storyboard;
			sourceTree = "<group>";
		};
		1FB9F79B1F87297100556550 /* LaunchScreen.storyboard */ = {
			isa = PBXVariantGroup;
			children = (
				1FB9F79C1F87297100556550 /* Base */,
			);
			name = LaunchScreen.storyboard;
			sourceTree = "<group>";
		};
/* End PBXVariantGroup section */

/* Begin XCBuildConfiguration section */
		1FB9F7B51F87297100556550 /* Debug */ = {
			isa = XCBuildConfiguration;
			buildSettings = {
				ALWAYS_SEARCH_USER_PATHS = NO;
				CLANG_ANALYZER_LOCALIZABILITY_NONLOCALIZED = YES;
				CLANG_ANALYZER_NONNULL = YES;
				CLANG_ANALYZER_NUMBER_OBJECT_CONVERSION = YES_AGGRESSIVE;
				CLANG_CXX_LANGUAGE_STANDARD = "gnu++0x";
				CLANG_CXX_LIBRARY = "libc++";
				CLANG_ENABLE_MODULES = YES;
				CLANG_ENABLE_OBJC_ARC = YES;
				CLANG_WARN_BOOL_CONVERSION = YES;
				CLANG_WARN_CONSTANT_CONVERSION = YES;
				CLANG_WARN_DIRECT_OBJC_ISA_USAGE = YES_ERROR;
				CLANG_WARN_DOCUMENTATION_COMMENTS = YES;
				CLANG_WARN_EMPTY_BODY = YES;
				CLANG_WARN_ENUM_CONVERSION = YES;
				CLANG_WARN_INFINITE_RECURSION = YES;
				CLANG_WARN_INT_CONVERSION = YES;
				CLANG_WARN_OBJC_ROOT_CLASS = YES_ERROR;
				CLANG_WARN_SUSPICIOUS_MOVE = YES;
				CLANG_WARN_UNREACHABLE_CODE = YES;
				CLANG_WARN__DUPLICATE_METHOD_MATCH = YES;
				"CODE_SIGN_IDENTITY[sdk=iphoneos*]" = "iPhone Developer";
				COPY_PHASE_STRIP = NO;
				DEBUG_INFORMATION_FORMAT = dwarf;
				ENABLE_STRICT_OBJC_MSGSEND = YES;
				ENABLE_TESTABILITY = YES;
				GCC_C_LANGUAGE_STANDARD = gnu99;
				GCC_DYNAMIC_NO_PIC = NO;
				GCC_NO_COMMON_BLOCKS = YES;
				GCC_OPTIMIZATION_LEVEL = 0;
				GCC_PREPROCESSOR_DEFINITIONS = (
					"DEBUG=1",
					"$(inherited)",
				);
				GCC_WARN_64_TO_32_BIT_CONVERSION = YES;
				GCC_WARN_ABOUT_RETURN_TYPE = YES_ERROR;
				GCC_WARN_UNDECLARED_SELECTOR = YES;
				GCC_WARN_UNINITIALIZED_AUTOS = YES_AGGRESSIVE;
				GCC_WARN_UNUSED_FUNCTION = YES;
				GCC_WARN_UNUSED_VARIABLE = YES;
				IPHONEOS_DEPLOYMENT_TARGET = 10.3;
				MTL_ENABLE_DEBUG_INFO = YES;
				ONLY_ACTIVE_ARCH = YES;
				SDKROOT = iphoneos;
				SWIFT_ACTIVE_COMPILATION_CONDITIONS = DEBUG;
				SWIFT_OPTIMIZATION_LEVEL = "-Onone";
				TARGETED_DEVICE_FAMILY = "1,2";
			};
			name = Debug;
		};
		1FB9F7B61F87297100556550 /* Release */ = {
			isa = XCBuildConfiguration;
			buildSettings = {
				ALWAYS_SEARCH_USER_PATHS = NO;
				CLANG_ANALYZER_LOCALIZABILITY_NONLOCALIZED = YES;
				CLANG_ANALYZER_NONNULL = YES;
				CLANG_ANALYZER_NUMBER_OBJECT_CONVERSION = YES_AGGRESSIVE;
				CLANG_CXX_LANGUAGE_STANDARD = "gnu++0x";
				CLANG_CXX_LIBRARY = "libc++";
				CLANG_ENABLE_MODULES = YES;
				CLANG_ENABLE_OBJC_ARC = YES;
				CLANG_WARN_BOOL_CONVERSION = YES;
				CLANG_WARN_CONSTANT_CONVERSION = YES;
				CLANG_WARN_DIRECT_OBJC_ISA_USAGE = YES_ERROR;
				CLANG_WARN_DOCUMENTATION_COMMENTS = YES;
				CLANG_WARN_EMPTY_BODY = YES;
				CLANG_WARN_ENUM_CONVERSION = YES;
				CLANG_WARN_INFINITE_RECURSION = YES;
				CLANG_WARN_INT_CONVERSION = YES;
				CLANG_WARN_OBJC_ROOT_CLASS = YES_ERROR;
				CLANG_WARN_SUSPICIOUS_MOVE = YES;
				CLANG_WARN_UNREACHABLE_CODE = YES;
				CLANG_WARN__DUPLICATE_METHOD_MATCH = YES;
				"CODE_SIGN_IDENTITY[sdk=iphoneos*]" = "iPhone Developer";
				COPY_PHASE_STRIP = NO;
				DEBUG_INFORMATION_FORMAT = "dwarf-with-dsym";
				ENABLE_NS_ASSERTIONS = NO;
				ENABLE_STRICT_OBJC_MSGSEND = YES;
				GCC_C_LANGUAGE_STANDARD = gnu99;
				GCC_NO_COMMON_BLOCKS = YES;
				GCC_WARN_64_TO_32_BIT_CONVERSION = YES;
				GCC_WARN_ABOUT_RETURN_TYPE = YES_ERROR;
				GCC_WARN_UNDECLARED_SELECTOR = YES;
				GCC_WARN_UNINITIALIZED_AUTOS = YES_AGGRESSIVE;
				GCC_WARN_UNUSED_FUNCTION = YES;
				GCC_WARN_UNUSED_VARIABLE = YES;
				IPHONEOS_DEPLOYMENT_TARGET = 10.3;
				MTL_ENABLE_DEBUG_INFO = NO;
				SDKROOT = iphoneos;
				SWIFT_OPTIMIZATION_LEVEL = "-Owholemodule";
				TARGETED_DEVICE_FAMILY = "1,2";
				VALIDATE_PRODUCT = YES;
			};
			name = Release;
		};
		1FB9F7B81F87297100556550 /* Debug */ = {
			isa = XCBuildConfiguration;
			buildSettings = {
				ASSETCATALOG_COMPILER_APPICON_NAME = AppIcon;
				DEVELOPMENT_TEAM = CSVMBYGY89;
				INFOPLIST_FILE = WorldTrotter/Info.plist;
				LD_RUNPATH_SEARCH_PATHS = "$(inherited) @executable_path/Frameworks";
				PRODUCT_BUNDLE_IDENTIFIER = com.viswanathsubramaniss.WorldTrotter;
				PRODUCT_NAME = "$(TARGET_NAME)";
				SWIFT_VERSION = 3.0;
				TARGETED_DEVICE_FAMILY = 1;
			};
			name = Debug;
		};
		1FB9F7B91F87297100556550 /* Release */ = {
			isa = XCBuildConfiguration;
			buildSettings = {
				ASSETCATALOG_COMPILER_APPICON_NAME = AppIcon;
				DEVELOPMENT_TEAM = CSVMBYGY89;
				INFOPLIST_FILE = WorldTrotter/Info.plist;
				LD_RUNPATH_SEARCH_PATHS = "$(inherited) @executable_path/Frameworks";
				PRODUCT_BUNDLE_IDENTIFIER = com.viswanathsubramaniss.WorldTrotter;
				PRODUCT_NAME = "$(TARGET_NAME)";
				SWIFT_VERSION = 3.0;
				TARGETED_DEVICE_FAMILY = 1;
			};
			name = Release;
		};
		1FB9F7BB1F87297100556550 /* Debug */ = {
			isa = XCBuildConfiguration;
			buildSettings = {
				ALWAYS_EMBED_SWIFT_STANDARD_LIBRARIES = YES;
				BUNDLE_LOADER = "$(TEST_HOST)";
				INFOPLIST_FILE = WorldTrotterTests/Info.plist;
				LD_RUNPATH_SEARCH_PATHS = "$(inherited) @executable_path/Frameworks @loader_path/Frameworks";
				PRODUCT_BUNDLE_IDENTIFIER = com.BNRGuide.WorldTrotterTests;
				PRODUCT_NAME = "$(TARGET_NAME)";
				SWIFT_VERSION = 3.0;
				TEST_HOST = "$(BUILT_PRODUCTS_DIR)/WorldTrotter.app/WorldTrotter";
			};
			name = Debug;
		};
		1FB9F7BC1F87297100556550 /* Release */ = {
			isa = XCBuildConfiguration;
			buildSettings = {
				ALWAYS_EMBED_SWIFT_STANDARD_LIBRARIES = YES;
				BUNDLE_LOADER = "$(TEST_HOST)";
				INFOPLIST_FILE = WorldTrotterTests/Info.plist;
				LD_RUNPATH_SEARCH_PATHS = "$(inherited) @executable_path/Frameworks @loader_path/Frameworks";
				PRODUCT_BUNDLE_IDENTIFIER = com.BNRGuide.WorldTrotterTests;
				PRODUCT_NAME = "$(TARGET_NAME)";
				SWIFT_VERSION = 3.0;
				TEST_HOST = "$(BUILT_PRODUCTS_DIR)/WorldTrotter.app/WorldTrotter";
			};
			name = Release;
		};
		1FB9F7BE1F87297100556550 /* Debug */ = {
			isa = XCBuildConfiguration;
			buildSettings = {
				ALWAYS_EMBED_SWIFT_STANDARD_LIBRARIES = YES;
				INFOPLIST_FILE = WorldTrotterUITests/Info.plist;
				LD_RUNPATH_SEARCH_PATHS = "$(inherited) @executable_path/Frameworks @loader_path/Frameworks";
				PRODUCT_BUNDLE_IDENTIFIER = com.BNRGuide.WorldTrotterUITests;
				PRODUCT_NAME = "$(TARGET_NAME)";
				SWIFT_VERSION = 3.0;
				TEST_TARGET_NAME = WorldTrotter;
			};
			name = Debug;
		};
		1FB9F7BF1F87297100556550 /* Release */ = {
			isa = XCBuildConfiguration;
			buildSettings = {
				ALWAYS_EMBED_SWIFT_STANDARD_LIBRARIES = YES;
				INFOPLIST_FILE = WorldTrotterUITests/Info.plist;
				LD_RUNPATH_SEARCH_PATHS = "$(inherited) @executable_path/Frameworks @loader_path/Frameworks";
				PRODUCT_BUNDLE_IDENTIFIER = com.BNRGuide.WorldTrotterUITests;
				PRODUCT_NAME = "$(TARGET_NAME)";
				SWIFT_VERSION = 3.0;
				TEST_TARGET_NAME = WorldTrotter;
			};
			name = Release;
		};
/* End XCBuildConfiguration section */

/* Begin XCConfigurationList section */
		1FB9F78A1F87297100556550 /* Build configuration list for PBXProject "WorldTrotter" */ = {
			isa = XCConfigurationList;
			buildConfigurations = (
				1FB9F7B51F87297100556550 /* Debug */,
				1FB9F7B61F87297100556550 /* Release */,
			);
			defaultConfigurationIsVisible = 0;
			defaultConfigurationName = Release;
		};
		1FB9F7B71F87297100556550 /* Build configuration list for PBXNativeTarget "WorldTrotter" */ = {
			isa = XCConfigurationList;
			buildConfigurations = (
				1FB9F7B81F87297100556550 /* Debug */,
				1FB9F7B91F87297100556550 /* Release */,
			);
			defaultConfigurationIsVisible = 0;
			defaultConfigurationName = Release;
		};
		1FB9F7BA1F87297100556550 /* Build configuration list for PBXNativeTarget "WorldTrotterTests" */ = {
			isa = XCConfigurationList;
			buildConfigurations = (
				1FB9F7BB1F87297100556550 /* Debug */,
				1FB9F7BC1F87297100556550 /* Release */,
			);
			defaultConfigurationIsVisible = 0;
			defaultConfigurationName = Release;
		};
		1FB9F7BD1F87297100556550 /* Build configuration list for PBXNativeTarget "WorldTrotterUITests" */ = {
			isa = XCConfigurationList;
			buildConfigurations = (
				1FB9F7BE1F87297100556550 /* Debug */,
				1FB9F7BF1F87297100556550 /* Release */,
			);
			defaultConfigurationIsVisible = 0;
			defaultConfigurationName = Release;
		};
/* End XCConfigurationList section */
	};
	rootObject = 1FB9F7871F87297100556550 /* Project object */;
}
